
Microsoft Visual Studio Solution File, Format Version 12.00
# Visual Studio Version 17
VisualStudioVersion = 17.4.33103.184
MinimumVisualStudioVersion = 10.0.40219.1
Project("{FAE04EC0-301F-11D3-BF4B-00C04F79EFBC}") = "Calculadora.UWP", "Calculadora\Calculadora.UWP\Calculadora.UWP.csproj", "{373C4FA6-4DAF-44A6-BD8A-3687522D7270}"
EndProject
Project("{FAE04EC0-301F-11D3-BF4B-00C04F79EFBC}") = "Calculadora.Android", "Calculadora\Calculadora.Android\Calculadora.Android.csproj", "{38CB570C-F08D-4FE1-A502-7B09FC91D68C}"
EndProject
Project("{FAE04EC0-301F-11D3-BF4B-00C04F79EFBC}") = "Calculadora.iOS", "Calculadora\Calculadora.iOS\Calculadora.iOS.csproj", "{4A8C6D70-D456-435E-86B9-6B0779ECF354}"
EndProject
Project("{FAE04EC0-301F-11D3-BF4B-00C04F79EFBC}") = "Calculadora", "Calculadora\Calculadora\Calculadora.csproj", "{60FBDED4-DE5B-4905-BEB4-4F5C3CCC9F1D}"
EndProject
Global
	GlobalSection(SolutionConfigurationPlatforms) = preSolution
		Debug|Any CPU = Debug|Any CPU
		Debug|ARM = Debug|ARM
		Debug|iPhone = Debug|iPhone
		Debug|iPhoneSimulator = Debug|iPhoneSimulator
		Debug|x64 = Debug|x64
		Debug|x86 = Debug|x86
		Release|Any CPU = Release|Any CPU
		Release|ARM = Release|ARM
		Release|iPhone = Release|iPhone
		Release|iPhoneSimulator = Release|iPhoneSimulator
		Release|x64 = Release|x64
		Release|x86 = Release|x86
	EndGlobalSection
	GlobalSection(ProjectConfigurationPlatforms) = postSolution
		{373C4FA6-4DAF-44A6-BD8A-3687522D7270}.Debug|Any CPU.ActiveCfg = Debug|x64
		{373C4FA6-4DAF-44A6-BD8A-3687522D7270}.Debug|Any CPU.Build.0 = Debug|x64
		{373C4FA6-4DAF-44A6-BD8A-3687522D7270}.Debug|Any CPU.Deploy.0 = Debug|x64
		{373C4FA6-4DAF-44A6-BD8A-3687522D7270}.Debug|ARM.ActiveCfg = Debug|ARM
		{373C4FA6-4DAF-44A6-BD8A-3687522D7270}.Debug|ARM.Build.0 = Debug|ARM
		{373C4FA6-4DAF-44A6-BD8A-3687522D7270}.Debug|ARM.Deploy.0 = Debug|ARM
		{373C4FA6-4DAF-44A6-BD8A-3687522D7270}.Debug|iPhone.ActiveCfg = Debug|x64
		{373C4FA6-4DAF-44A6-BD8A-3687522D7270}.Debug|iPhone.Build.0 = Debug|x64
		{373C4FA6-4DAF-44A6-BD8A-3687522D7270}.Debug|iPhone.Deploy.0 = Debug|x64
		{373C4FA6-4DAF-44A6-BD8A-3687522D7270}.Debug|iPhoneSimulator.ActiveCfg = Debug|x64
		{373C4FA6-4DAF-44A6-BD8A-3687522D7270}.Debug|iPhoneSimulator.Build.0 = Debug|x64
		{373C4FA6-4DAF-44A6-BD8A-3687522D7270}.Debug|iPhoneSimulator.Deploy.0 = Debug|x64
		{373C4FA6-4DAF-44A6-BD8A-3687522D7270}.Debug|x64.ActiveCfg = Debug|x64
		{373C4FA6-4DAF-44A6-BD8A-3687522D7270}.Debug|x64.Build.0 = Debug|x64
		{373C4FA6-4DAF-44A6-BD8A-3687522D7270}.Debug|x64.Deploy.0 = Debug|x64
		{373C4FA6-4DAF-44A6-BD8A-3687522D7270}.Debug|x86.ActiveCfg = Debug|x86
		{373C4FA6-4DAF-44A6-BD8A-3687522D7270}.Debug|x86.Build.0 = Debug|x86
		{373C4FA6-4DAF-44A6-BD8A-3687522D7270}.Debug|x86.Deploy.0 = Debug|x86
		{373C4FA6-4DAF-44A6-BD8A-3687522D7270}.Release|Any CPU.ActiveCfg = Release|x64
		{373C4FA6-4DAF-44A6-BD8A-3687522D7270}.Release|Any CPU.Build.0 = Release|x64
		{373C4FA6-4DAF-44A6-BD8A-3687522D7270}.Release|Any CPU.Deploy.0 = Release|x64
		{373C4FA6-4DAF-44A6-BD8A-3687522D7270}.Release|ARM.ActiveCfg = Release|ARM
		{373C4FA6-4DAF-44A6-BD8A-3687522D7270}.Release|ARM.Build.0 = Release|ARM
		{373C4FA6-4DAF-44A6-BD8A-3687522D7270}.Release|ARM.Deploy.0 = Release|ARM
		{373C4FA6-4DAF-44A6-BD8A-3687522D7270}.Release|iPhone.ActiveCfg = Release|x64
		{373C4FA6-4DAF-44A6-BD8A-3687522D7270}.Release|iPhone.Build.0 = Release|x64
		{373C4FA6-4DAF-44A6-BD8A-3687522D7270}.Release|iPhone.Deploy.0 = Release|x64
		{373C4FA6-4DAF-44A6-BD8A-3687522D7270}.Release|iPhoneSimulator.ActiveCfg = Release|x64
		{373C4FA6-4DAF-44A6-BD8A-3687522D7270}.Release|iPhoneSimulator.Build.0 = Release|x64
		{373C4FA6-4DAF-44A6-BD8A-3687522D7270}.Release|iPhoneSimulator.Deploy.0 = Release|x64
		{373C4FA6-4DAF-44A6-BD8A-3687522D7270}.Release|x64.ActiveCfg = Release|x64
		{373C4FA6-4DAF-44A6-BD8A-3687522D7270}.Release|x64.Build.0 = Release|x64
		{373C4FA6-4DAF-44A6-BD8A-3687522D7270}.Release|x64.Deploy.0 = Release|x64
		{373C4FA6-4DAF-44A6-BD8A-3687522D7270}.Release|x86.ActiveCfg = Release|x86
		{373C4FA6-4DAF-44A6-BD8A-3687522D7270}.Release|x86.Build.0 = Release|x86
		{373C4FA6-4DAF-44A6-BD8A-3687522D7270}.Release|x86.Deploy.0 = Release|x86
		{38CB570C-F08D-4FE1-A502-7B09FC91D68C}.Debug|Any CPU.ActiveCfg = Debug|Any CPU
		{38CB570C-F08D-4FE1-A502-7B09FC91D68C}.Debug|Any CPU.Build.0 = Debug|Any CPU
		{38CB570C-F08D-4FE1-A502-7B09FC91D68C}.Debug|Any CPU.Deploy.0 = Debug|Any CPU
		{38CB570C-F08D-4FE1-A502-7B09FC91D68C}.Debug|ARM.ActiveCfg = Debug|Any CPU
		{38CB570C-F08D-4FE1-A502-7B09FC91D68C}.Debug|ARM.Build.0 = Debug|Any CPU
		{38CB570C-F08D-4FE1-A502-7B09FC91D68C}.Debug|ARM.Deploy.0 = Debug|Any CPU
		{38CB570C-F08D-4FE1-A502-7B09FC91D68C}.Debug|iPhone.ActiveCfg = Debug|Any CPU
		{38CB570C-F08D-4FE1-A502-7B09FC91D68C}.Debug|iPhone.Build.0 = Debug|Any CPU
		{38CB570C-F08D-4FE1-A502-7B09FC91D68C}.Debug|iPhone.Deploy.0 = Debug|Any CPU
		{38CB570C-F08D-4FE1-A502-7B09FC91D68C}.Debug|iPhoneSimulator.ActiveCfg = Debug|Any CPU
		{38CB570C-F08D-4FE1-A502-7B09FC91D68C}.Debug|iPhoneSimulator.Build.0 = Debug|Any CPU
		{38CB570C-F08D-4FE1-A502-7B09FC91D68C}.Debug|iPhoneSimulator.Deploy.0 = Debug|Any CPU
		{38CB570C-F08D-4FE1-A502-7B09FC91D68C}.Debug|x64.ActiveCfg = Debug|Any CPU
		{38CB570C-F08D-4FE1-A502-7B09FC91D68C}.Debug|x64.Build.0 = Debug|Any CPU
		{38CB570C-F08D-4FE1-A502-7B09FC91D68C}.Debug|x64.Deploy.0 = Debug|Any CPU
		{38CB570C-F08D-4FE1-A502-7B09FC91D68C}.Debug|x86.ActiveCfg = Debug|Any CPU
		{38CB570C-F08D-4FE1-A502-7B09FC91D68C}.Debug|x86.Build.0 = Debug|Any CPU
		{38CB570C-F08D-4FE1-A502-7B09FC91D68C}.Debug|x86.Deploy.0 = Debug|Any CPU
		{38CB570C-F08D-4FE1-A502-7B09FC91D68C}.Release|Any CPU.ActiveCfg = Release|Any CPU
		{38CB570C-F08D-4FE1-A502-7B09FC91D68C}.Release|Any CPU.Build.0 = Release|Any CPU
		{38CB570C-F08D-4FE1-A502-7B09FC91D68C}.Release|Any CPU.Deploy.0 = Release|Any CPU
		{38CB570C-F08D-4FE1-A502-7B09FC91D68C}.Release|ARM.ActiveCfg = Release|Any CPU
		{38CB570C-F08D-4FE1-A502-7B09FC91D68C}.Release|ARM.Build.0 = Release|Any CPU
		{38CB570C-F08D-4FE1-A502-7B09FC91D68C}.Release|ARM.Deploy.0 = Release|Any CPU
		{38CB570C-F08D-4FE1-A502-7B09FC91D68C}.Release|iPhone.ActiveCfg = Release|Any CPU
		{38CB570C-F08D-4FE1-A502-7B09FC91D68C}.Release|iPhone.Build.0 = Release|Any CPU
		{38CB570C-F08D-4FE1-A502-7B09FC91D68C}.Release|iPhone.Deploy.0 = Release|Any CPU
		{38CB570C-F08D-4FE1-A502-7B09FC91D68C}.Release|iPhoneSimulator.ActiveCfg = Release|Any CPU
		{38CB570C-F08D-4FE1-A502-7B09FC91D68C}.Release|iPhoneSimulator.Build.0 = Release|Any CPU
		{38CB570C-F08D-4FE1-A502-7B09FC91D68C}.Release|iPhoneSimulator.Deploy.0 = Release|Any CPU
		{38CB570C-F08D-4FE1-A502-7B09FC91D68C}.Release|x64.ActiveCfg = Release|Any CPU
		{38CB570C-F08D-4FE1-A502-7B09FC91D68C}.Release|x64.Build.0 = Release|Any CPU
		{38CB570C-F08D-4FE1-A502-7B09FC91D68C}.Release|x64.Deploy.0 = Release|Any CPU
		{38CB570C-F08D-4FE1-A502-7B09FC91D68C}.Release|x86.ActiveCfg = Release|Any CPU
		{38CB570C-F08D-4FE1-A502-7B09FC91D68C}.Release|x86.Build.0 = Release|Any CPU
		{38CB570C-F08D-4FE1-A502-7B09FC91D68C}.Release|x86.Deploy.0 = Release|Any CPU
		{4A8C6D70-D456-435E-86B9-6B0779ECF354}.Debug|Any CPU.ActiveCfg = Debug|iPhoneSimulator
		{4A8C6D70-D456-435E-86B9-6B0779ECF354}.Debug|Any CPU.Build.0 = Debug|iPhoneSimulator
		{4A8C6D70-D456-435E-86B9-6B0779ECF354}.Debug|Any CPU.Deploy.0 = Debug|iPhoneSimulator
		{4A8C6D70-D456-435E-86B9-6B0779ECF354}.Debug|ARM.ActiveCfg = Debug|iPhoneSimulator
		{4A8C6D70-D456-435E-86B9-6B0779ECF354}.Debug|ARM.Build.0 = Debug|iPhoneSimulator
		{4A8C6D70-D456-435E-86B9-6B0779ECF354}.Debug|ARM.Deploy.0 = Debug|iPhoneSimulator
		{4A8C6D70-D456-435E-86B9-6B0779ECF354}.Debug|iPhone.ActiveCfg = Debug|iPhone
		{4A8C6D70-D456-435E-86B9-6B0779ECF354}.Debug|iPhone.Build.0 = Debug|iPhone
		{4A8C6D70-D456-435E-86B9-6B0779ECF354}.Debug|iPhone.Deploy.0 = Debug|iPhone
		{4A8C6D70-D456-435E-86B9-6B0779ECF354}.Debug|iPhoneSimulator.ActiveCfg = Debug|iPhoneSimulator
		{4A8C6D70-D456-435E-86B9-6B0779ECF354}.Debug|iPhoneSimulator.Build.0 = Debug|iPhoneSimulator
		{4A8C6D70-D456-435E-86B9-6B0779ECF354}.Debug|iPhoneSimulator.Deploy.0 = Debug|iPhoneSimulator
		{4A8C6D70-D456-435E-86B9-6B0779ECF354}.Debug|x64.ActiveCfg = Debug|iPhone
		{4A8C6D70-D456-435E-86B9-6B0779ECF354}.Debug|x64.Build.0 = Debug|iPhone
		{4A8C6D70-D456-435E-86B9-6B0779ECF354}.Debug|x64.Deploy.0 = Debug|iPhone
		{4A8C6D70-D456-435E-86B9-6B0779ECF354}.Debug|x86.ActiveCfg = Debug|iPhoneSimulator
		{4A8C6D70-D456-435E-86B9-6B0779ECF354}.Debug|x86.Build.0 = Debug|iPhoneSimulator
		{4A8C6D70-D456-435E-86B9-6B0779ECF354}.Debug|x86.Deploy.0 = Debug|iPhoneSimulator
		{4A8C6D70-D456-435E-86B9-6B0779ECF354}.Release|Any CPU.ActiveCfg = Release|iPhoneSimulator
		{4A8C6D70-D456-435E-86B9-6B0779ECF354}.Release|Any CPU.Build.0 = Release|iPhoneSimulator
		{4A8C6D70-D456-435E-86B9-6B0779ECF354}.Release|Any CPU.Deploy.0 = Release|iPhoneSimulator
		{4A8C6D70-D456-435E-86B9-6B0779ECF354}.Release|ARM.ActiveCfg = Release|iPhoneSimulator
		{4A8C6D70-D456-435E-86B9-6B0779ECF354}.Release|ARM.Build.0 = Release|iPhoneSimulator
		{4A8C6D70-D456-435E-86B9-6B0779ECF354}.Release|ARM.Deploy.0 = Release|iPhoneSimulator
		{4A8C6D70-D456-435E-86B9-6B0779ECF354}.Release|iPhone.ActiveCfg = Release|iPhone
		{4A8C6D70-D456-435E-86B9-6B0779ECF354}.Release|iPhone.Build.0 = Release|iPhone
		{4A8C6D70-D456-435E-86B9-6B0779ECF354}.Release|iPhone.Deploy.0 = Release|iPhone
		{4A8C6D70-D456-435E-86B9-6B0779ECF354}.Release|iPhoneSimulator.ActiveCfg = Release|iPhoneSimulator
		{4A8C6D70-D456-435E-86B9-6B0779ECF354}.Release|iPhoneSimulator.Build.0 = Release|iPhoneSimulator
		{4A8C6D70-D456-435E-86B9-6B0779ECF354}.Release|iPhoneSimulator.Deploy.0 = Release|iPhoneSimulator
		{4A8C6D70-D456-435E-86B9-6B0779ECF354}.Release|x64.ActiveCfg = Release|iPhoneSimulator
		{4A8C6D70-D456-435E-86B9-6B0779ECF354}.Release|x64.Build.0 = Release|iPhoneSimulator
		{4A8C6D70-D456-435E-86B9-6B0779ECF354}.Release|x64.Deploy.0 = Release|iPhoneSimulator
		{4A8C6D70-D456-435E-86B9-6B0779ECF354}.Release|x86.ActiveCfg = Release|iPhoneSimulator
		{4A8C6D70-D456-435E-86B9-6B0779ECF354}.Release|x86.Build.0 = Release|iPhoneSimulator
		{4A8C6D70-D456-435E-86B9-6B0779ECF354}.Release|x86.Deploy.0 = Release|iPhoneSimulator
		{60FBDED4-DE5B-4905-BEB4-4F5C3CCC9F1D}.Debug|Any CPU.ActiveCfg = Debug|Any CPU
		{60FBDED4-DE5B-4905-BEB4-4F5C3CCC9F1D}.Debug|Any CPU.Build.0 = Debug|Any CPU
		{60FBDED4-DE5B-4905-BEB4-4F5C3CCC9F1D}.Debug|Any CPU.Deploy.0 = Debug|Any CPU
		{60FBDED4-DE5B-4905-BEB4-4F5C3CCC9F1D}.Debug|ARM.ActiveCfg = Debug|Any CPU
		{60FBDED4-DE5B-4905-BEB4-4F5C3CCC9F1D}.Debug|ARM.Build.0 = Debug|Any CPU
		{60FBDED4-DE5B-4905-BEB4-4F5C3CCC9F1D}.Debug|ARM.Deploy.0 = Debug|Any CPU
		{60FBDED4-DE5B-4905-BEB4-4F5C3CCC9F1D}.Debug|iPhone.ActiveCfg = Debug|Any CPU
		{60FBDED4-DE5B-4905-BEB4-4F5C3CCC9F1D}.Debug|iPhone.Build.0 = Debug|Any CPU
		{60FBDED4-DE5B-4905-BEB4-4F5C3CCC9F1D}.Debug|iPhone.Deploy.0 = Debug|Any CPU
		{60FBDED4-DE5B-4905-BEB4-4F5C3CCC9F1D}.Debug|iPhoneSimulator.ActiveCfg = Debug|Any CPU
		{60FBDED4-DE5B-4905-BEB4-4F5C3CCC9F1D}.Debug|iPhoneSimulator.Build.0 = Debug|Any CPU
		{60FBDED4-DE5B-4905-BEB4-4F5C3CCC9F1D}.Debug|iPhoneSimulator.Deploy.0 = Debug|Any CPU
		{60FBDED4-DE5B-4905-BEB4-4F5C3CCC9F1D}.Debug|x64.ActiveCfg = Debug|Any CPU
		{60FBDED4-DE5B-4905-BEB4-4F5C3CCC9F1D}.Debug|x64.Build.0 = Debug|Any CPU
		{60FBDED4-DE5B-4905-BEB4-4F5C3CCC9F1D}.Debug|x64.Deploy.0 = Debug|Any CPU
		{60FBDED4-DE5B-4905-BEB4-4F5C3CCC9F1D}.Debug|x86.ActiveCfg = Debug|Any CPU
		{60FBDED4-DE5B-4905-BEB4-4F5C3CCC9F1D}.Debug|x86.Build.0 = Debug|Any CPU
		{60FBDED4-DE5B-4905-BEB4-4F5C3CCC9F1D}.Debug|x86.Deploy.0 = Debug|Any CPU
		{60FBDED4-DE5B-4905-BEB4-4F5C3CCC9F1D}.Release|Any CPU.ActiveCfg = Release|Any CPU
		{60FBDED4-DE5B-4905-BEB4-4F5C3CCC9F1D}.Release|Any CPU.Build.0 = Release|Any CPU
		{60FBDED4-DE5B-4905-BEB4-4F5C3CCC9F1D}.Release|Any CPU.Deploy.0 = Release|Any CPU
		{60FBDED4-DE5B-4905-BEB4-4F5C3CCC9F1D}.Release|ARM.ActiveCfg = Release|Any CPU
		{60FBDED4-DE5B-4905-BEB4-4F5C3CCC9F1D}.Release|ARM.Build.0 = Release|Any CPU
		{60FBDED4-DE5B-4905-BEB4-4F5C3CCC9F1D}.Release|ARM.Deploy.0 = Release|Any CPU
		{60FBDED4-DE5B-4905-BEB4-4F5C3CCC9F1D}.Release|iPhone.ActiveCfg = Release|Any CPU
		{60FBDED4-DE5B-4905-BEB4-4F5C3CCC9F1D}.Release|iPhone.Build.0 = Release|Any CPU
		{60FBDED4-DE5B-4905-BEB4-4F5C3CCC9F1D}.Release|iPhone.Deploy.0 = Release|Any CPU
		{60FBDED4-DE5B-4905-BEB4-4F5C3CCC9F1D}.Release|iPhoneSimulator.ActiveCfg = Release|Any CPU
		{60FBDED4-DE5B-4905-BEB4-4F5C3CCC9F1D}.Release|iPhoneSimulator.Build.0 = Release|Any CPU
		{60FBDED4-DE5B-4905-BEB4-4F5C3CCC9F1D}.Release|iPhoneSimulator.Deploy.0 = Release|Any CPU
		{60FBDED4-DE5B-4905-BEB4-4F5C3CCC9F1D}.Release|x64.ActiveCfg = Release|Any CPU
		{60FBDED4-DE5B-4905-BEB4-4F5C3CCC9F1D}.Release|x64.Build.0 = Release|Any CPU
		{60FBDED4-DE5B-4905-BEB4-4F5C3CCC9F1D}.Release|x64.Deploy.0 = Release|Any CPU
		{60FBDED4-DE5B-4905-BEB4-4F5C3CCC9F1D}.Release|x86.ActiveCfg = Release|Any CPU
		{60FBDED4-DE5B-4905-BEB4-4F5C3CCC9F1D}.Release|x86.Build.0 = Release|Any CPU
		{60FBDED4-DE5B-4905-BEB4-4F5C3CCC9F1D}.Release|x86.Deploy.0 = Release|Any CPU
	EndGlobalSection
	GlobalSection(SolutionProperties) = preSolution
		HideSolutionNode = FALSE
	EndGlobalSection
	GlobalSection(ExtensibilityGlobals) = postSolution
		SolutionGuid = {0ACC4769-4C6D-4FA5-850D-B0AD152BA597}
	EndGlobalSection
EndGlobal
